
Microsoft Visual Studio Solution File, Format Version 12.00
# Visual Studio 15
VisualStudioVersion = 15.0.28010.2046
MinimumVisualStudioVersion = 10.0.40219.1
Project("{9A19103F-16F7-4668-BE54-9A1E7A4F7556}") = "CalculatorSample", "CalculatorSample\CalculatorSample.csproj", "{7EABE830-E96A-4E54-ABED-AD1F1A6D0CE5}"
EndProject
Project("{FAE04EC0-301F-11D3-BF4B-00C04F79EFBC}") = "CalculatorSample.Tests", "CalculatorSample.Tests\CalculatorSample.Tests.csproj", "{F37C029F-323D-4AF3-B2E6-24A3E7A72582}"
EndProject
Project("{FAE04EC0-301F-11D3-BF4B-00C04F79EFBC}") = "CalculatorSample.VerifyTests", "CalculatorSample.VerifyTests\CalculatorSample.VerifyTests.csproj", "{3FCFE540-D40F-4DE9-AF04-B1BAEE0FE708}"
EndProject
Global
	GlobalSection(SolutionConfigurationPlatforms) = preSolution
		Debug|Any CPU = Debug|Any CPU
		Release|Any CPU = Release|Any CPU
	EndGlobalSection
	GlobalSection(ProjectConfigurationPlatforms) = postSolution
		{7EABE830-E96A-4E54-ABED-AD1F1A6D0CE5}.Debug|Any CPU.ActiveCfg = Debug|Any CPU
		{7EABE830-E96A-4E54-ABED-AD1F1A6D0CE5}.Debug|Any CPU.Build.0 = Debug|Any CPU
		{7EABE830-E96A-4E54-ABED-AD1F1A6D0CE5}.Release|Any CPU.ActiveCfg = Release|Any CPU
		{7EABE830-E96A-4E54-ABED-AD1F1A6D0CE5}.Release|Any CPU.Build.0 = Release|Any CPU
		{F37C029F-323D-4AF3-B2E6-24A3E7A72582}.Debug|Any CPU.ActiveCfg = Debug|Any CPU
		{F37C029F-323D-4AF3-B2E6-24A3E7A72582}.Debug|Any CPU.Build.0 = Debug|Any CPU
		{F37C029F-323D-4AF3-B2E6-24A3E7A72582}.Release|Any CPU.ActiveCfg = Release|Any CPU
		{F37C029F-323D-4AF3-B2E6-24A3E7A72582}.Release|Any CPU.Build.0 = Release|Any CPU
		{3FCFE540-D40F-4DE9-AF04-B1BAEE0FE708}.Debug|Any CPU.ActiveCfg = Debug|Any CPU
		{3FCFE540-D40F-4DE9-AF04-B1BAEE0FE708}.Debug|Any CPU.Build.0 = Debug|Any CPU
		{3FCFE540-D40F-4DE9-AF04-B1BAEE0FE708}.Release|Any CPU.ActiveCfg = Release|Any CPU
		{3FCFE540-D40F-4DE9-AF04-B1BAEE0FE708}.Release|Any CPU.Build.0 = Release|Any CPU
	EndGlobalSection
	GlobalSection(SolutionProperties) = preSolution
		HideSolutionNode = FALSE
	EndGlobalSection
	GlobalSection(ExtensibilityGlobals) = postSolution
		SolutionGuid = {AFB6EC7F-DD6E-4BCF-9E70-CF2BF9161EEC}
	EndGlobalSection
EndGlobal
